
Microsoft Visual Studio Solution File, Format Version 12.00
# Visual Studio Version 17
VisualStudioVersion = 17.8.34330.188
MinimumVisualStudioVersion = 10.0.40219.1
Project("{FAE04EC0-301F-11D3-BF4B-00C04F79EFBC}") = "HomeWorkk2", "HomeWorkk2\HomeWorkk2.csproj", "{F1AA7090-E1A0-42AE-8889-7547FC86E015}"
EndProject
Global
	GlobalSection(SolutionConfigurationPlatforms) = preSolution
		Debug|Any CPU = Debug|Any CPU
		Release|Any CPU = Release|Any CPU
	EndGlobalSection
	GlobalSection(ProjectConfigurationPlatforms) = postSolution
		{F1AA7090-E1A0-42AE-8889-7547FC86E015}.Debug|Any CPU.ActiveCfg = Debug|Any CPU
		{F1AA7090-E1A0-42AE-8889-7547FC86E015}.Debug|Any CPU.Build.0 = Debug|Any CPU
		{F1AA7090-E1A0-42AE-8889-7547FC86E015}.Release|Any CPU.ActiveCfg = Release|Any CPU
		{F1AA7090-E1A0-42AE-8889-7547FC86E015}.Release|Any CPU.Build.0 = Release|Any CPU
	EndGlobalSection
	GlobalSection(SolutionProperties) = preSolution
		HideSolutionNode = FALSE
	EndGlobalSection
	GlobalSection(ExtensibilityGlobals) = postSolution
		SolutionGuid = {861AE6B5-19ED-46F4-AE74-6D90724863B0}
	EndGlobalSection
EndGlobal
