
Microsoft Visual Studio Solution File, Format Version 12.00
# Visual Studio Version 17
VisualStudioVersion = 17.9.34701.34
MinimumVisualStudioVersion = 10.0.40219.1
Project("{FAE04EC0-301F-11D3-BF4B-00C04F79EFBC}") = "HomeWork4.6", "HomeWork4.6.csproj", "{0886F958-6404-4823-B9AF-FEA4F0EC8BBF}"
EndProject
Global
	GlobalSection(SolutionConfigurationPlatforms) = preSolution
		Debug|Any CPU = Debug|Any CPU
		Release|Any CPU = Release|Any CPU
	EndGlobalSection
	GlobalSection(ProjectConfigurationPlatforms) = postSolution
		{0886F958-6404-4823-B9AF-FEA4F0EC8BBF}.Debug|Any CPU.ActiveCfg = Debug|Any CPU
		{0886F958-6404-4823-B9AF-FEA4F0EC8BBF}.Debug|Any CPU.Build.0 = Debug|Any CPU
		{0886F958-6404-4823-B9AF-FEA4F0EC8BBF}.Release|Any CPU.ActiveCfg = Release|Any CPU
		{0886F958-6404-4823-B9AF-FEA4F0EC8BBF}.Release|Any CPU.Build.0 = Release|Any CPU
	EndGlobalSection
	GlobalSection(SolutionProperties) = preSolution
		HideSolutionNode = FALSE
	EndGlobalSection
	GlobalSection(ExtensibilityGlobals) = postSolution
		SolutionGuid = {DF5F2CF9-FC5F-4C54-A62D-0C2424B622F8}
	EndGlobalSection
EndGlobal
